
Microsoft Visual Studio Solution File, Format Version 12.00
# Visual Studio Version 17
VisualStudioVersion = 17.0.31903.59
MinimumVisualStudioVersion = 10.0.40219.1
Project("{FAE04EC0-301F-11D3-BF4B-00C04F79EFBC}") = "application", "application\application.csproj", "{F849C8B8-15FF-46CD-ADDA-0CB39574D830}"
EndProject
Project("{FAE04EC0-301F-11D3-BF4B-00C04F79EFBC}") = "integrationTests", "integrationTests\integrationTests.csproj", "{5A1D8208-029A-4FF2-BA8A-89E911C98BF8}"
EndProject
Global
	GlobalSection(SolutionConfigurationPlatforms) = preSolution
		Debug|Any CPU = Debug|Any CPU
		Release|Any CPU = Release|Any CPU
	EndGlobalSection
	GlobalSection(SolutionProperties) = preSolution
		HideSolutionNode = FALSE
	EndGlobalSection
	GlobalSection(ProjectConfigurationPlatforms) = postSolution
		{F849C8B8-15FF-46CD-ADDA-0CB39574D830}.Debug|Any CPU.ActiveCfg = Debug|Any CPU
		{F849C8B8-15FF-46CD-ADDA-0CB39574D830}.Debug|Any CPU.Build.0 = Debug|Any CPU
		{F849C8B8-15FF-46CD-ADDA-0CB39574D830}.Release|Any CPU.ActiveCfg = Release|Any CPU
		{F849C8B8-15FF-46CD-ADDA-0CB39574D830}.Release|Any CPU.Build.0 = Release|Any CPU
		{5A1D8208-029A-4FF2-BA8A-89E911C98BF8}.Debug|Any CPU.ActiveCfg = Debug|Any CPU
		{5A1D8208-029A-4FF2-BA8A-89E911C98BF8}.Debug|Any CPU.Build.0 = Debug|Any CPU
		{5A1D8208-029A-4FF2-BA8A-89E911C98BF8}.Release|Any CPU.ActiveCfg = Release|Any CPU
		{5A1D8208-029A-4FF2-BA8A-89E911C98BF8}.Release|Any CPU.Build.0 = Release|Any CPU
	EndGlobalSection
EndGlobal
